
Microsoft Visual Studio Solution File, Format Version 12.00
# Visual Studio 14
VisualStudioVersion = 14.0.25420.1
MinimumVisualStudioVersion = 10.0.40219.1
Project("{CC5FD16D-436D-48AD-A40C-5A424C6E3E79}") = "VisitAppCloudService", "VisitAppCloudService.ccproj", "{78385354-6703-4B5D-9FF3-F3D8C43B5CCD}"
EndProject
Project("{FAE04EC0-301F-11D3-BF4B-00C04F79EFBC}") = "VisitAppBackend", "VisitAppBackend\VisitAppBackend.csproj", "{95A679B7-C3B8-4F27-B26A-400B36358C2C}"
EndProject
Global
	GlobalSection(SolutionConfigurationPlatforms) = preSolution
		Debug|Any CPU = Debug|Any CPU
		Release|Any CPU = Release|Any CPU
	EndGlobalSection
	GlobalSection(ProjectConfigurationPlatforms) = postSolution
		{78385354-6703-4B5D-9FF3-F3D8C43B5CCD}.Debug|Any CPU.ActiveCfg = Debug|Any CPU
		{78385354-6703-4B5D-9FF3-F3D8C43B5CCD}.Debug|Any CPU.Build.0 = Debug|Any CPU
		{78385354-6703-4B5D-9FF3-F3D8C43B5CCD}.Release|Any CPU.ActiveCfg = Release|Any CPU
		{78385354-6703-4B5D-9FF3-F3D8C43B5CCD}.Release|Any CPU.Build.0 = Release|Any CPU
		{95A679B7-C3B8-4F27-B26A-400B36358C2C}.Debug|Any CPU.ActiveCfg = Debug|Any CPU
		{95A679B7-C3B8-4F27-B26A-400B36358C2C}.Debug|Any CPU.Build.0 = Debug|Any CPU
		{95A679B7-C3B8-4F27-B26A-400B36358C2C}.Release|Any CPU.ActiveCfg = Release|Any CPU
		{95A679B7-C3B8-4F27-B26A-400B36358C2C}.Release|Any CPU.Build.0 = Release|Any CPU
	EndGlobalSection
	GlobalSection(SolutionProperties) = preSolution
		HideSolutionNode = FALSE
	EndGlobalSection
EndGlobal
